
Microsoft Visual Studio Solution File, Format Version 12.00
# Visual Studio Version 16
VisualStudioVersion = 16.0.31005.135
MinimumVisualStudioVersion = 10.0.40219.1
Project("{FAE04EC0-301F-11D3-BF4B-00C04F79EFBC}") = "MyCart", "MyCart\MyCart.csproj", "{BD6BFDA9-23D3-4712-A47D-FCC89AA9D52D}"
EndProject
Global
	GlobalSection(SolutionConfigurationPlatforms) = preSolution
		Debug|Any CPU = Debug|Any CPU
		Release|Any CPU = Release|Any CPU
	EndGlobalSection
	GlobalSection(ProjectConfigurationPlatforms) = postSolution
		{BD6BFDA9-23D3-4712-A47D-FCC89AA9D52D}.Debug|Any CPU.ActiveCfg = Debug|Any CPU
		{BD6BFDA9-23D3-4712-A47D-FCC89AA9D52D}.Debug|Any CPU.Build.0 = Debug|Any CPU
		{BD6BFDA9-23D3-4712-A47D-FCC89AA9D52D}.Release|Any CPU.ActiveCfg = Release|Any CPU
		{BD6BFDA9-23D3-4712-A47D-FCC89AA9D52D}.Release|Any CPU.Build.0 = Release|Any CPU
	EndGlobalSection
	GlobalSection(SolutionProperties) = preSolution
		HideSolutionNode = FALSE
	EndGlobalSection
	GlobalSection(ExtensibilityGlobals) = postSolution
		SolutionGuid = {346135AF-A94B-425F-BE84-66D74B8FFF37}
	EndGlobalSection
EndGlobal
